
Microsoft Visual Studio Solution File, Format Version 12.00
# Visual Studio Version 16
VisualStudioVersion = 16.0.29209.62
MinimumVisualStudioVersion = 10.0.40219.1
Project("{FAE04EC0-301F-11D3-BF4B-00C04F79EFBC}") = "timus answer", "timus answer\timus answer.csproj", "{EA359246-9A44-4AD3-8BF6-C43DA2675120}"
EndProject
Global
	GlobalSection(SolutionConfigurationPlatforms) = preSolution
		Debug|Any CPU = Debug|Any CPU
		Release|Any CPU = Release|Any CPU
	EndGlobalSection
	GlobalSection(ProjectConfigurationPlatforms) = postSolution
		{EA359246-9A44-4AD3-8BF6-C43DA2675120}.Debug|Any CPU.ActiveCfg = Debug|Any CPU
		{EA359246-9A44-4AD3-8BF6-C43DA2675120}.Debug|Any CPU.Build.0 = Debug|Any CPU
		{EA359246-9A44-4AD3-8BF6-C43DA2675120}.Release|Any CPU.ActiveCfg = Release|Any CPU
		{EA359246-9A44-4AD3-8BF6-C43DA2675120}.Release|Any CPU.Build.0 = Release|Any CPU
	EndGlobalSection
	GlobalSection(SolutionProperties) = preSolution
		HideSolutionNode = FALSE
	EndGlobalSection
	GlobalSection(ExtensibilityGlobals) = postSolution
		SolutionGuid = {1071ADD1-DC52-4203-B818-EE9E89CE6E65}
	EndGlobalSection
EndGlobal
